
Microsoft Visual Studio Solution File, Format Version 12.00
# Visual Studio Version 17
VisualStudioVersion = 17.7.34024.191
MinimumVisualStudioVersion = 10.0.40219.1
Project("{FAE04EC0-301F-11D3-BF4B-00C04F79EFBC}") = "11.10.HW", "11.10.HW\11.10.HW.csproj", "{109E9986-6A99-40A1-AA92-E6451CC47DF1}"
EndProject
Global
	GlobalSection(SolutionConfigurationPlatforms) = preSolution
		Debug|Any CPU = Debug|Any CPU
		Release|Any CPU = Release|Any CPU
	EndGlobalSection
	GlobalSection(ProjectConfigurationPlatforms) = postSolution
		{109E9986-6A99-40A1-AA92-E6451CC47DF1}.Debug|Any CPU.ActiveCfg = Debug|Any CPU
		{109E9986-6A99-40A1-AA92-E6451CC47DF1}.Debug|Any CPU.Build.0 = Debug|Any CPU
		{109E9986-6A99-40A1-AA92-E6451CC47DF1}.Release|Any CPU.ActiveCfg = Release|Any CPU
		{109E9986-6A99-40A1-AA92-E6451CC47DF1}.Release|Any CPU.Build.0 = Release|Any CPU
	EndGlobalSection
	GlobalSection(SolutionProperties) = preSolution
		HideSolutionNode = FALSE
	EndGlobalSection
	GlobalSection(ExtensibilityGlobals) = postSolution
		SolutionGuid = {A65E59C6-6BDE-4B3B-83F0-E0B7EA95AE2E}
	EndGlobalSection
EndGlobal
